
Microsoft Visual Studio Solution File, Format Version 12.00
# Visual Studio 15
VisualStudioVersion = 15.0.27703.2035
MinimumVisualStudioVersion = 10.0.40219.1
Project("{FAE04EC0-301F-11D3-BF4B-00C04F79EFBC}") = "CrudAspNetMvc", "CrudAspNetMvc\CrudAspNetMvc.csproj", "{98A17117-5050-4251-82DA-AA57B43D059D}"
EndProject
Global
	GlobalSection(SolutionConfigurationPlatforms) = preSolution
		Debug|Any CPU = Debug|Any CPU
		Release|Any CPU = Release|Any CPU
	EndGlobalSection
	GlobalSection(ProjectConfigurationPlatforms) = postSolution
		{98A17117-5050-4251-82DA-AA57B43D059D}.Debug|Any CPU.ActiveCfg = Debug|Any CPU
		{98A17117-5050-4251-82DA-AA57B43D059D}.Debug|Any CPU.Build.0 = Debug|Any CPU
		{98A17117-5050-4251-82DA-AA57B43D059D}.Release|Any CPU.ActiveCfg = Release|Any CPU
		{98A17117-5050-4251-82DA-AA57B43D059D}.Release|Any CPU.Build.0 = Release|Any CPU
	EndGlobalSection
	GlobalSection(SolutionProperties) = preSolution
		HideSolutionNode = FALSE
	EndGlobalSection
	GlobalSection(ExtensibilityGlobals) = postSolution
		SolutionGuid = {02599C41-9303-46C1-851A-BC41312A2C78}
	EndGlobalSection
EndGlobal
